
Microsoft Visual Studio Solution File, Format Version 12.00
Project("{FAE04EC0-301F-11D3-BF4B-00C04F79EFBC}") = "BoardGameSim", "BoardGameSim\BoardGameSim.csproj", "{6AB6EBEE-CCDA-4497-8A7C-121A10488179}"
EndProject
Project("{FAE04EC0-301F-11D3-BF4B-00C04F79EFBC}") = "ConcertTicketBookingSystem", "ConcertTicketBookingSystem\ConcertTicketBookingSystem.csproj", "{FAB20450-F296-484B-996C-A630632FB88B}"
EndProject
Project("{FAE04EC0-301F-11D3-BF4B-00C04F79EFBC}") = "SportsTeamManagementSystem", "SportsTeamManagementSystem\SportsTeamManagementSystem.csproj", "{7AB3F39B-8263-4576-909B-26BDA738AE44}"
EndProject
Global
	GlobalSection(SolutionConfigurationPlatforms) = preSolution
		Debug|Any CPU = Debug|Any CPU
		Release|Any CPU = Release|Any CPU
	EndGlobalSection
	GlobalSection(ProjectConfigurationPlatforms) = postSolution
		{6AB6EBEE-CCDA-4497-8A7C-121A10488179}.Debug|Any CPU.ActiveCfg = Debug|Any CPU
		{6AB6EBEE-CCDA-4497-8A7C-121A10488179}.Debug|Any CPU.Build.0 = Debug|Any CPU
		{6AB6EBEE-CCDA-4497-8A7C-121A10488179}.Release|Any CPU.ActiveCfg = Release|Any CPU
		{6AB6EBEE-CCDA-4497-8A7C-121A10488179}.Release|Any CPU.Build.0 = Release|Any CPU
		{FAB20450-F296-484B-996C-A630632FB88B}.Debug|Any CPU.ActiveCfg = Debug|Any CPU
		{FAB20450-F296-484B-996C-A630632FB88B}.Debug|Any CPU.Build.0 = Debug|Any CPU
		{FAB20450-F296-484B-996C-A630632FB88B}.Release|Any CPU.ActiveCfg = Release|Any CPU
		{FAB20450-F296-484B-996C-A630632FB88B}.Release|Any CPU.Build.0 = Release|Any CPU
		{7AB3F39B-8263-4576-909B-26BDA738AE44}.Debug|Any CPU.ActiveCfg = Debug|Any CPU
		{7AB3F39B-8263-4576-909B-26BDA738AE44}.Debug|Any CPU.Build.0 = Debug|Any CPU
		{7AB3F39B-8263-4576-909B-26BDA738AE44}.Release|Any CPU.ActiveCfg = Release|Any CPU
		{7AB3F39B-8263-4576-909B-26BDA738AE44}.Release|Any CPU.Build.0 = Release|Any CPU
	EndGlobalSection
EndGlobal
