
Microsoft Visual Studio Solution File, Format Version 12.00
Project("{FAE04EC0-301F-11D3-BF4B-00C04F79EFBC}") = "BoardGameSim", "BoardGameSim\BoardGameSim.csproj", "{6AB6EBEE-CCDA-4497-8A7C-121A10488179}"
EndProject
Global
	GlobalSection(SolutionConfigurationPlatforms) = preSolution
		Debug|Any CPU = Debug|Any CPU
		Release|Any CPU = Release|Any CPU
	EndGlobalSection
	GlobalSection(ProjectConfigurationPlatforms) = postSolution
		{6AB6EBEE-CCDA-4497-8A7C-121A10488179}.Debug|Any CPU.ActiveCfg = Debug|Any CPU
		{6AB6EBEE-CCDA-4497-8A7C-121A10488179}.Debug|Any CPU.Build.0 = Debug|Any CPU
		{6AB6EBEE-CCDA-4497-8A7C-121A10488179}.Release|Any CPU.ActiveCfg = Release|Any CPU
		{6AB6EBEE-CCDA-4497-8A7C-121A10488179}.Release|Any CPU.Build.0 = Release|Any CPU
	EndGlobalSection
EndGlobal
